
Microsoft Visual Studio Solution File, Format Version 12.00
# Visual Studio Version 17
VisualStudioVersion = 17.11.35312.102
MinimumVisualStudioVersion = 10.0.40219.1
Project("{FAE04EC0-301F-11D3-BF4B-00C04F79EFBC}") = "GraphEditor", "GraphEditor\GraphEditor.csproj", "{1DF31B99-05F6-410A-9472-99E876E0F7CB}"
EndProject
Project("{FAE04EC0-301F-11D3-BF4B-00C04F79EFBC}") = "PlanarGraph", "PlanarGraph\PlanarGraph.csproj", "{29B46C95-2DAC-44A0-8CAB-C4470E5C3700}"
EndProject
Global
	GlobalSection(SolutionConfigurationPlatforms) = preSolution
		Debug|Any CPU = Debug|Any CPU
		Release|Any CPU = Release|Any CPU
	EndGlobalSection
	GlobalSection(ProjectConfigurationPlatforms) = postSolution
		{1DF31B99-05F6-410A-9472-99E876E0F7CB}.Debug|Any CPU.ActiveCfg = Debug|Any CPU
		{1DF31B99-05F6-410A-9472-99E876E0F7CB}.Debug|Any CPU.Build.0 = Debug|Any CPU
		{1DF31B99-05F6-410A-9472-99E876E0F7CB}.Release|Any CPU.ActiveCfg = Release|Any CPU
		{1DF31B99-05F6-410A-9472-99E876E0F7CB}.Release|Any CPU.Build.0 = Release|Any CPU
		{29B46C95-2DAC-44A0-8CAB-C4470E5C3700}.Debug|Any CPU.ActiveCfg = Debug|Any CPU
		{29B46C95-2DAC-44A0-8CAB-C4470E5C3700}.Debug|Any CPU.Build.0 = Debug|Any CPU
		{29B46C95-2DAC-44A0-8CAB-C4470E5C3700}.Release|Any CPU.ActiveCfg = Release|Any CPU
		{29B46C95-2DAC-44A0-8CAB-C4470E5C3700}.Release|Any CPU.Build.0 = Release|Any CPU
	EndGlobalSection
	GlobalSection(SolutionProperties) = preSolution
		HideSolutionNode = FALSE
	EndGlobalSection
	GlobalSection(ExtensibilityGlobals) = postSolution
		SolutionGuid = {E33F3E7A-85D4-4F78-AC19-F322631AC798}
	EndGlobalSection
EndGlobal
